
Microsoft Visual Studio Solution File, Format Version 12.00
# Visual Studio Version 16
VisualStudioVersion = 16.0.29503.13
MinimumVisualStudioVersion = 10.0.40219.1
Project("{FAE04EC0-301F-11D3-BF4B-00C04F79EFBC}") = "NextAutomationProject", "NextAutomationProject\NextAutomationProject.csproj", "{AB006A44-CE6D-4F89-B851-5929A35924E0}"
EndProject
Global
	GlobalSection(SolutionConfigurationPlatforms) = preSolution
		Debug|Any CPU = Debug|Any CPU
		Release|Any CPU = Release|Any CPU
	EndGlobalSection
	GlobalSection(ProjectConfigurationPlatforms) = postSolution
		{AB006A44-CE6D-4F89-B851-5929A35924E0}.Debug|Any CPU.ActiveCfg = Debug|Any CPU
		{AB006A44-CE6D-4F89-B851-5929A35924E0}.Debug|Any CPU.Build.0 = Debug|Any CPU
		{AB006A44-CE6D-4F89-B851-5929A35924E0}.Release|Any CPU.ActiveCfg = Release|Any CPU
		{AB006A44-CE6D-4F89-B851-5929A35924E0}.Release|Any CPU.Build.0 = Release|Any CPU
	EndGlobalSection
	GlobalSection(SolutionProperties) = preSolution
		HideSolutionNode = FALSE
	EndGlobalSection
	GlobalSection(ExtensibilityGlobals) = postSolution
		SolutionGuid = {E3A4BFFD-C896-4588-BAE5-261FE8E77D33}
	EndGlobalSection
EndGlobal
